// !$*UTF8*$!
{
	archiveVersion = 1;
	classes = {
	};
	objectVersion = 50;
	objects = {

/* Begin PBXBuildFile section */
		FDF8BED620B8DF19001F04CB /* AppDelegate.swift in Sources */ = {isa = PBXBuildFile; fileRef = FDF8BED520B8DF19001F04CB /* AppDelegate.swift */; };
		FDF8BEDB20B8DF19001F04CB /* Main.storyboard in Resources */ = {isa = PBXBuildFile; fileRef = FDF8BED920B8DF19001F04CB /* Main.storyboard */; };
		FDF8BEDD20B8DF1B001F04CB /* Assets.xcassets in Resources */ = {isa = PBXBuildFile; fileRef = FDF8BEDC20B8DF1B001F04CB /* Assets.xcassets */; };
		FDF8BEE020B8DF1B001F04CB /* LaunchScreen.storyboard in Resources */ = {isa = PBXBuildFile; fileRef = FDF8BEDE20B8DF1B001F04CB /* LaunchScreen.storyboard */; };
		FDF8BEEA20B8E0AC001F04CB /* consoles.json in Resources */ = {isa = PBXBuildFile; fileRef = FDF8BEE920B8E0AC001F04CB /* consoles.json */; };
		FDF8BEEC20B8E1B9001F04CB /* Console.swift in Sources */ = {isa = PBXBuildFile; fileRef = FDF8BEEB20B8E1B9001F04CB /* Console.swift */; };
		FDF8BEEE20B8EA32001F04CB /* TableViewController.swift in Sources */ = {isa = PBXBuildFile; fileRef = FDF8BEED20B8EA32001F04CB /* TableViewController.swift */; };
		FDF8BEF020B8F179001F04CB /* ViewController.swift in Sources */ = {isa = PBXBuildFile; fileRef = FDF8BEEF20B8F179001F04CB /* ViewController.swift */; };
/* End PBXBuildFile section */

/* Begin PBXFileReference section */
		FDF8BED220B8DF19001F04CB /* TableViewJson.app */ = {isa = PBXFileReference; explicitFileType = wrapper.application; includeInIndex = 0; path = TableViewJson.app; sourceTree = BUILT_PRODUCTS_DIR; };
		FDF8BED520B8DF19001F04CB /* AppDelegate.swift */ = {isa = PBXFileReference; lastKnownFileType = sourcecode.swift; path = AppDelegate.swift; sourceTree = "<group>"; };
		FDF8BEDA20B8DF19001F04CB /* Base */ = {isa = PBXFileReference; lastKnownFileType = file.storyboard; name = Base; path = Base.lproj/Main.storyboard; sourceTree = "<group>"; };
		FDF8BEDC20B8DF1B001F04CB /* Assets.xcassets */ = {isa = PBXFileReference; lastKnownFileType = folder.assetcatalog; path = Assets.xcassets; sourceTree = "<group>"; };
		FDF8BEDF20B8DF1B001F04CB /* Base */ = {isa = PBXFileReference; lastKnownFileType = file.storyboard; name = Base; path = Base.lproj/LaunchScreen.storyboard; sourceTree = "<group>"; };
		FDF8BEE120B8DF1B001F04CB /* Info.plist */ = {isa = PBXFileReference; lastKnownFileType = text.plist.xml; path = Info.plist; sourceTree = "<group>"; };
		FDF8BEE920B8E0AC001F04CB /* consoles.json */ = {isa = PBXFileReference; fileEncoding = 4; lastKnownFileType = text.json; path = consoles.json; sourceTree = "<group>"; };
		FDF8BEEB20B8E1B9001F04CB /* Console.swift */ = {isa = PBXFileReference; lastKnownFileType = sourcecode.swift; path = Console.swift; sourceTree = "<group>"; };
		FDF8BEED20B8EA32001F04CB /* TableViewController.swift */ = {isa = PBXFileReference; lastKnownFileType = sourcecode.swift; path = TableViewController.swift; sourceTree = "<group>"; };
		FDF8BEEF20B8F179001F04CB /* ViewController.swift */ = {isa = PBXFileReference; lastKnownFileType = sourcecode.swift; path = ViewController.swift; sourceTree = "<group>"; };
/* End PBXFileReference section */

/* Begin PBXFrameworksBuildPhase section */
		FDF8BECF20B8DF19001F04CB /* Frameworks */ = {
			isa = PBXFrameworksBuildPhase;
			buildActionMask = 2147483647;
			files = (
			);
			runOnlyForDeploymentPostprocessing = 0;
		};
/* End PBXFrameworksBuildPhase section */

/* Begin PBXGroup section */
		FDF8BEC920B8DF19001F04CB = {
			isa = PBXGroup;
			children = (
				FDF8BED420B8DF19001F04CB /* TableViewJson */,
				FDF8BED320B8DF19001F04CB /* Products */,
			);
			sourceTree = "<group>";
		};
		FDF8BED320B8DF19001F04CB /* Products */ = {
			isa = PBXGroup;
			children = (
				FDF8BED220B8DF19001F04CB /* TableViewJson.app */,
			);
			name = Products;
			sourceTree = "<group>";
		};
		FDF8BED420B8DF19001F04CB /* TableViewJson */ = {
			isa = PBXGroup;
			children = (
				FDF8BEE920B8E0AC001F04CB /* consoles.json */,
				FDF8BED520B8DF19001F04CB /* AppDelegate.swift */,
				FDF8BED920B8DF19001F04CB /* Main.storyboard */,
				FDF8BEEF20B8F179001F04CB /* ViewController.swift */,
				FDF8BEED20B8EA32001F04CB /* TableViewController.swift */,
				FDF8BEDC20B8DF1B001F04CB /* Assets.xcassets */,
				FDF8BEDE20B8DF1B001F04CB /* LaunchScreen.storyboard */,
				FDF8BEE120B8DF1B001F04CB /* Info.plist */,
				FDF8BEEB20B8E1B9001F04CB /* Console.swift */,
			);
			path = TableViewJson;
			sourceTree = "<group>";
		};
/* End PBXGroup section */

/* Begin PBXNativeTarget section */
		FDF8BED120B8DF19001F04CB /* TableViewJson */ = {
			isa = PBXNativeTarget;
			buildConfigurationList = FDF8BEE420B8DF1B001F04CB /* Build configuration list for PBXNativeTarget "TableViewJson" */;
			buildPhases = (
				FDF8BECE20B8DF19001F04CB /* Sources */,
				FDF8BECF20B8DF19001F04CB /* Frameworks */,
				FDF8BED020B8DF19001F04CB /* Resources */,
			);
			buildRules = (
			);
			dependencies = (
			);
			name = TableViewJson;
			productName = TableViewJson;
			productReference = FDF8BED220B8DF19001F04CB /* TableViewJson.app */;
			productType = "com.apple.product-type.application";
		};
/* End PBXNativeTarget section */

/* Begin PBXProject section */
		FDF8BECA20B8DF19001F04CB /* Project object */ = {
			isa = PBXProject;
			attributes = {
				LastSwiftUpdateCheck = 0930;
				LastUpgradeCheck = 0930;
				ORGANIZATIONNAME = "Leandro Romano";
				TargetAttributes = {
					FDF8BED120B8DF19001F04CB = {
						CreatedOnToolsVersion = 9.3;
					};
				};
			};
			buildConfigurationList = FDF8BECD20B8DF19001F04CB /* Build configuration list for PBXProject "TableViewJson" */;
			compatibilityVersion = "Xcode 9.3";
			developmentRegion = en;
			hasScannedForEncodings = 0;
			knownRegions = (
				en,
				Base,
			);
			mainGroup = FDF8BEC920B8DF19001F04CB;
			productRefGroup = FDF8BED320B8DF19001F04CB /* Products */;
			projectDirPath = "";
			projectRoot = "";
			targets = (
				FDF8BED120B8DF19001F04CB /* TableViewJson */,
			);
		};
/* End PBXProject section */

/* Begin PBXResourcesBuildPhase section */
		FDF8BED020B8DF19001F04CB /* Resources */ = {
			isa = PBXResourcesBuildPhase;
			buildActionMask = 2147483647;
			files = (
				FDF8BEE020B8DF1B001F04CB /* LaunchScreen.storyboard in Resources */,
				FDF8BEDD20B8DF1B001F04CB /* Assets.xcassets in Resources */,
				FDF8BEDB20B8DF19001F04CB /* Main.storyboard in Resources */,
				FDF8BEEA20B8E0AC001F04CB /* consoles.json in Resources */,
			);
			runOnlyForDeploymentPostprocessing = 0;
		};
/* End PBXResourcesBuildPhase section */

/* Begin PBXSourcesBuildPhase section */
		FDF8BECE20B8DF19001F04CB /* Sources */ = {
			isa = PBXSourcesBuildPhase;
			buildActionMask = 2147483647;
			files = (
				FDF8BEEC20B8E1B9001F04CB /* Console.swift in Sources */,
				FDF8BED620B8DF19001F04CB /* AppDelegate.swift in Sources */,
				FDF8BEF020B8F179001F04CB /* ViewController.swift in Sources */,
				FDF8BEEE20B8EA32001F04CB /* TableViewController.swift in Sources */,
			);
			runOnlyForDeploymentPostprocessing = 0;
		};
/* End PBXSourcesBuildPhase section */

/* Begin PBXVariantGroup section */
		FDF8BED920B8DF19001F04CB /* Main.storyboard */ = {
			isa = PBXVariantGroup;
			children = (
				FDF8BEDA20B8DF19001F04CB /* Base */,
			);
			name = Main.storyboard;
			sourceTree = "<group>";
		};
		FDF8BEDE20B8DF1B001F04CB /* LaunchScreen.storyboard */ = {
			isa = PBXVariantGroup;
			children = (
				FDF8BEDF20B8DF1B001F04CB /* Base */,
			);
			name = LaunchScreen.storyboard;
			sourceTree = "<group>";
		};
/* End PBXVariantGroup section */

/* Begin XCBuildConfiguration section */
		FDF8BEE220B8DF1B001F04CB /* Debug */ = {
			isa = XCBuildConfiguration;
			buildSettings = {
				ALWAYS_SEARCH_USER_PATHS = NO;
				CLANG_ANALYZER_NONNULL = YES;
				CLANG_ANALYZER_NUMBER_OBJECT_CONVERSION = YES_AGGRESSIVE;
				CLANG_CXX_LANGUAGE_STANDARD = "gnu++14";
				CLANG_CXX_LIBRARY = "libc++";
				CLANG_ENABLE_MODULES = YES;
				CLANG_ENABLE_OBJC_ARC = YES;
				CLANG_ENABLE_OBJC_WEAK = YES;
				CLANG_WARN_BLOCK_CAPTURE_AUTORELEASING = YES;
				CLANG_WARN_BOOL_CONVERSION = YES;
				CLANG_WARN_COMMA = YES;
				CLANG_WARN_CONSTANT_CONVERSION = YES;
				CLANG_WARN_DEPRECATED_OBJC_IMPLEMENTATIONS = YES;
				CLANG_WARN_DIRECT_OBJC_ISA_USAGE = YES_ERROR;
				CLANG_WARN_DOCUMENTATION_COMMENTS = YES;
				CLANG_WARN_EMPTY_BODY = YES;
				CLANG_WARN_ENUM_CONVERSION = YES;
				CLANG_WARN_INFINITE_RECURSION = YES;
				CLANG_WARN_INT_CONVERSION = YES;
				CLANG_WARN_NON_LITERAL_NULL_CONVERSION = YES;
				CLANG_WARN_OBJC_IMPLICIT_RETAIN_SELF = YES;
				CLANG_WARN_OBJC_LITERAL_CONVERSION = YES;
				CLANG_WARN_OBJC_ROOT_CLASS = YES_ERROR;
				CLANG_WARN_RANGE_LOOP_ANALYSIS = YES;
				CLANG_WARN_STRICT_PROTOTYPES = YES;
				CLANG_WARN_SUSPICIOUS_MOVE = YES;
				CLANG_WARN_UNGUARDED_AVAILABILITY = YES_AGGRESSIVE;
				CLANG_WARN_UNREACHABLE_CODE = YES;
				CLANG_WARN__DUPLICATE_METHOD_MATCH = YES;
				CODE_SIGN_IDENTITY = "iPhone Developer";
				COPY_PHASE_STRIP = NO;
				DEBUG_INFORMATION_FORMAT = dwarf;
				ENABLE_STRICT_OBJC_MSGSEND = YES;
				ENABLE_TESTABILITY = YES;
				GCC_C_LANGUAGE_STANDARD = gnu11;
				GCC_DYNAMIC_NO_PIC = NO;
				GCC_NO_COMMON_BLOCKS = YES;
				GCC_OPTIMIZATION_LEVEL = 0;
				GCC_PREPROCESSOR_DEFINITIONS = (
					"DEBUG=1",
					"$(inherited)",
				);
				GCC_WARN_64_TO_32_BIT_CONVERSION = YES;
				GCC_WARN_ABOUT_RETURN_TYPE = YES_ERROR;
				GCC_WARN_UNDECLARED_SELECTOR = YES;
				GCC_WARN_UNINITIALIZED_AUTOS = YES_AGGRESSIVE;
				GCC_WARN_UNUSED_FUNCTION = YES;
				GCC_WARN_UNUSED_VARIABLE = YES;
				IPHONEOS_DEPLOYMENT_TARGET = 11.3;
				MTL_ENABLE_DEBUG_INFO = YES;
				ONLY_ACTIVE_ARCH = YES;
				SDKROOT = iphoneos;
				SWIFT_ACTIVE_COMPILATION_CONDITIONS = DEBUG;
				SWIFT_OPTIMIZATION_LEVEL = "-Onone";
			};
			name = Debug;
		};
		FDF8BEE320B8DF1B001F04CB /* Release */ = {
			isa = XCBuildConfiguration;
			buildSettings = {
				ALWAYS_SEARCH_USER_PATHS = NO;
				CLANG_ANALYZER_NONNULL = YES;
				CLANG_ANALYZER_NUMBER_OBJECT_CONVERSION = YES_AGGRESSIVE;
				CLANG_CXX_LANGUAGE_STANDARD = "gnu++14";
				CLANG_CXX_LIBRARY = "libc++";
				CLANG_ENABLE_MODULES = YES;
				CLANG_ENABLE_OBJC_ARC = YES;
				CLANG_ENABLE_OBJC_WEAK = YES;
				CLANG_WARN_BLOCK_CAPTURE_AUTORELEASING = YES;
				CLANG_WARN_BOOL_CONVERSION = YES;
				CLANG_WARN_COMMA = YES;
				CLANG_WARN_CONSTANT_CONVERSION = YES;
				CLANG_WARN_DEPRECATED_OBJC_IMPLEMENTATIONS = YES;
				CLANG_WARN_DIRECT_OBJC_ISA_USAGE = YES_ERROR;
				CLANG_WARN_DOCUMENTATION_COMMENTS = YES;
				CLANG_WARN_EMPTY_BODY = YES;
				CLANG_WARN_ENUM_CONVERSION = YES;
				CLANG_WARN_INFINITE_RECURSION = YES;
				CLANG_WARN_INT_CONVERSION = YES;
				CLANG_WARN_NON_LITERAL_NULL_CONVERSION = YES;
				CLANG_WARN_OBJC_IMPLICIT_RETAIN_SELF = YES;
				CLANG_WARN_OBJC_LITERAL_CONVERSION = YES;
				CLANG_WARN_OBJC_ROOT_CLASS = YES_ERROR;
				CLANG_WARN_RANGE_LOOP_ANALYSIS = YES;
				CLANG_WARN_STRICT_PROTOTYPES = YES;
				CLANG_WARN_SUSPICIOUS_MOVE = YES;
				CLANG_WARN_UNGUARDED_AVAILABILITY = YES_AGGRESSIVE;
				CLANG_WARN_UNREACHABLE_CODE = YES;
				CLANG_WARN__DUPLICATE_METHOD_MATCH = YES;
				CODE_SIGN_IDENTITY = "iPhone Developer";
				COPY_PHASE_STRIP = NO;
				DEBUG_INFORMATION_FORMAT = "dwarf-with-dsym";
				ENABLE_NS_ASSERTIONS = NO;
				ENABLE_STRICT_OBJC_MSGSEND = YES;
				GCC_C_LANGUAGE_STANDARD = gnu11;
				GCC_NO_COMMON_BLOCKS = YES;
				GCC_WARN_64_TO_32_BIT_CONVERSION = YES;
				GCC_WARN_ABOUT_RETURN_TYPE = YES_ERROR;
				GCC_WARN_UNDECLARED_SELECTOR = YES;
				GCC_WARN_UNINITIALIZED_AUTOS = YES_AGGRESSIVE;
				GCC_WARN_UNUSED_FUNCTION = YES;
				GCC_WARN_UNUSED_VARIABLE = YES;
				IPHONEOS_DEPLOYMENT_TARGET = 11.3;
				MTL_ENABLE_DEBUG_INFO = NO;
				SDKROOT = iphoneos;
				SWIFT_COMPILATION_MODE = wholemodule;
				SWIFT_OPTIMIZATION_LEVEL = "-O";
				VALIDATE_PRODUCT = YES;
			};
			name = Release;
		};
		FDF8BEE520B8DF1B001F04CB /* Debug */ = {
			isa = XCBuildConfiguration;
			buildSettings = {
				ASSETCATALOG_COMPILER_APPICON_NAME = AppIcon;
				CODE_SIGN_STYLE = Automatic;
				INFOPLIST_FILE = TableViewJson/Info.plist;
				LD_RUNPATH_SEARCH_PATHS = (
					"$(inherited)",
					"@executable_path/Frameworks",
				);
				PRODUCT_BUNDLE_IDENTIFIER = com.romancode.TableViewJson;
				PRODUCT_NAME = "$(TARGET_NAME)";
				SWIFT_VERSION = 4.0;
				TARGETED_DEVICE_FAMILY = "1,2";
			};
			name = Debug;
		};
		FDF8BEE620B8DF1B001F04CB /* Release */ = {
			isa = XCBuildConfiguration;
			buildSettings = {
				ASSETCATALOG_COMPILER_APPICON_NAME = AppIcon;
				CODE_SIGN_STYLE = Automatic;
				INFOPLIST_FILE = TableViewJson/Info.plist;
				LD_RUNPATH_SEARCH_PATHS = (
					"$(inherited)",
					"@executable_path/Frameworks",
				);
				PRODUCT_BUNDLE_IDENTIFIER = com.romancode.TableViewJson;
				PRODUCT_NAME = "$(TARGET_NAME)";
				SWIFT_VERSION = 4.0;
				TARGETED_DEVICE_FAMILY = "1,2";
			};
			name = Release;
		};
/* End XCBuildConfiguration section */

/* Begin XCConfigurationList section */
		FDF8BECD20B8DF19001F04CB /* Build configuration list for PBXProject "TableViewJson" */ = {
			isa = XCConfigurationList;
			buildConfigurations = (
				FDF8BEE220B8DF1B001F04CB /* Debug */,
				FDF8BEE320B8DF1B001F04CB /* Release */,
			);
			defaultConfigurationIsVisible = 0;
			defaultConfigurationName = Release;
		};
		FDF8BEE420B8DF1B001F04CB /* Build configuration list for PBXNativeTarget "TableViewJson" */ = {
			isa = XCConfigurationList;
			buildConfigurations = (
				FDF8BEE520B8DF1B001F04CB /* Debug */,
				FDF8BEE620B8DF1B001F04CB /* Release */,
			);
			defaultConfigurationIsVisible = 0;
			defaultConfigurationName = Release;
		};
/* End XCConfigurationList section */
	};
	rootObject = FDF8BECA20B8DF19001F04CB /* Project object */;
}
